// !$*UTF8*$!
{
	archiveVersion = 1;
	classes = {
	};
	objectVersion = 56;
	objects = {

/* Begin PBXBuildFile section */
		340A51CD2A78EC78007DCA0C /* App.swift in Sources */ = {isa = PBXBuildFile; fileRef = 340A51CC2A78EC78007DCA0C /* App.swift */; };
		340A51CF2A78EC78007DCA0C /* ListeningQuizView.swift in Sources */ = {isa = PBXBuildFile; fileRef = 340A51CE2A78EC78007DCA0C /* ListeningQuizView.swift */; };
		340A51D12A78EC79007DCA0C /* Assets.xcassets in Resources */ = {isa = PBXBuildFile; fileRef = 340A51D02A78EC79007DCA0C /* Assets.xcassets */; };
		340A51D52A78EC79007DCA0C /* Preview Assets.xcassets in Resources */ = {isa = PBXBuildFile; fileRef = 340A51D42A78EC79007DCA0C /* Preview Assets.xcassets */; };
		340A51DF2A78EC79007DCA0C /* ListeningQuizFeatureTests.swift in Sources */ = {isa = PBXBuildFile; fileRef = 340A51DE2A78EC79007DCA0C /* ListeningQuizFeatureTests.swift */; };
		340E70532A820E73004B124B /* SpeechSynthesis.swift in Sources */ = {isa = PBXBuildFile; fileRef = 340E70522A820E73004B124B /* SpeechSynthesis.swift */; };
		340E70582A83738F004B124B /* SpeechSynthesisSettings.swift in Sources */ = {isa = PBXBuildFile; fileRef = 340E70572A83738F004B124B /* SpeechSynthesisSettings.swift */; };
		340E705B2A83D396004B124B /* DependenciesAdditions in Frameworks */ = {isa = PBXBuildFile; productRef = 340E705A2A83D396004B124B /* DependenciesAdditions */; };
		348000E32A9CC0A800E7CCEE /* CountBiki.scnassets in Resources */ = {isa = PBXBuildFile; fileRef = 348000E22A9CC0A800E7CCEE /* CountBiki.scnassets */; };
		348000E52A9CCD4700E7CCEE /* CountBikiView.swift in Sources */ = {isa = PBXBuildFile; fileRef = 348000E42A9CCD4700E7CCEE /* CountBikiView.swift */; };
		349802222A7BDDF200E352F5 /* IndeterminiteProgressView.swift in Sources */ = {isa = PBXBuildFile; fileRef = 349802212A7BDDF200E352F5 /* IndeterminiteProgressView.swift */; };
		349D047A2A84EB3A008AFD0A /* SettingsFeature.swift in Sources */ = {isa = PBXBuildFile; fileRef = 349D04792A84EB3A008AFD0A /* SettingsFeature.swift */; };
		349D047D2A88E569008AFD0A /* Topic.swift in Sources */ = {isa = PBXBuildFile; fileRef = 349D047C2A88E569008AFD0A /* Topic.swift */; };
		349D047E2A88E569008AFD0A /* Topic.swift in Sources */ = {isa = PBXBuildFile; fileRef = 349D047C2A88E569008AFD0A /* Topic.swift */; };
		349D04802A88F23F008AFD0A /* TopicSettings.swift in Sources */ = {isa = PBXBuildFile; fileRef = 349D047F2A88F23F008AFD0A /* TopicSettings.swift */; };
		349D04812A88F23F008AFD0A /* TopicSettings.swift in Sources */ = {isa = PBXBuildFile; fileRef = 349D047F2A88F23F008AFD0A /* TopicSettings.swift */; };
		34A9749A2A7AB0E600E6F672 /* ComposableArchitecture in Frameworks */ = {isa = PBXBuildFile; productRef = 34A974992A7AB0E600E6F672 /* ComposableArchitecture */; };
/* End PBXBuildFile section */

/* Begin PBXContainerItemProxy section */
		340A51DB2A78EC79007DCA0C /* PBXContainerItemProxy */ = {
			isa = PBXContainerItemProxy;
			containerPortal = 340A51C12A78EC78007DCA0C /* Project object */;
			proxyType = 1;
			remoteGlobalIDString = 340A51C82A78EC78007DCA0C;
			remoteInfo = count;
		};
/* End PBXContainerItemProxy section */

/* Begin PBXFileReference section */
		340A51C92A78EC78007DCA0C /* count.app */ = {isa = PBXFileReference; explicitFileType = wrapper.application; includeInIndex = 0; path = count.app; sourceTree = BUILT_PRODUCTS_DIR; };
		340A51CC2A78EC78007DCA0C /* App.swift */ = {isa = PBXFileReference; lastKnownFileType = sourcecode.swift; path = App.swift; sourceTree = "<group>"; };
		340A51CE2A78EC78007DCA0C /* ListeningQuizView.swift */ = {isa = PBXFileReference; lastKnownFileType = sourcecode.swift; path = ListeningQuizView.swift; sourceTree = "<group>"; };
		340A51D02A78EC79007DCA0C /* Assets.xcassets */ = {isa = PBXFileReference; lastKnownFileType = folder.assetcatalog; path = Assets.xcassets; sourceTree = "<group>"; };
		340A51D22A78EC79007DCA0C /* count.entitlements */ = {isa = PBXFileReference; lastKnownFileType = text.plist.entitlements; path = count.entitlements; sourceTree = "<group>"; };
		340A51D42A78EC79007DCA0C /* Preview Assets.xcassets */ = {isa = PBXFileReference; lastKnownFileType = folder.assetcatalog; path = "Preview Assets.xcassets"; sourceTree = "<group>"; };
		340A51DA2A78EC79007DCA0C /* countTests.xctest */ = {isa = PBXFileReference; explicitFileType = wrapper.cfbundle; includeInIndex = 0; path = countTests.xctest; sourceTree = BUILT_PRODUCTS_DIR; };
		340A51DE2A78EC79007DCA0C /* ListeningQuizFeatureTests.swift */ = {isa = PBXFileReference; lastKnownFileType = sourcecode.swift; path = ListeningQuizFeatureTests.swift; sourceTree = "<group>"; };
		340A51F72A790356007DCA0C /* count.playground */ = {isa = PBXFileReference; lastKnownFileType = file.playground; path = count.playground; sourceTree = SOURCE_ROOT; xcLanguageSpecificationIdentifier = xcode.lang.swift; };
		340E70522A820E73004B124B /* SpeechSynthesis.swift */ = {isa = PBXFileReference; lastKnownFileType = sourcecode.swift; path = SpeechSynthesis.swift; sourceTree = "<group>"; };
		340E70572A83738F004B124B /* SpeechSynthesisSettings.swift */ = {isa = PBXFileReference; lastKnownFileType = sourcecode.swift; path = SpeechSynthesisSettings.swift; sourceTree = "<group>"; };
		348000E22A9CC0A800E7CCEE /* CountBiki.scnassets */ = {isa = PBXFileReference; lastKnownFileType = wrapper.scnassets; path = CountBiki.scnassets; sourceTree = "<group>"; };
		348000E42A9CCD4700E7CCEE /* CountBikiView.swift */ = {isa = PBXFileReference; lastKnownFileType = sourcecode.swift; path = CountBikiView.swift; sourceTree = "<group>"; };
		349802212A7BDDF200E352F5 /* IndeterminiteProgressView.swift */ = {isa = PBXFileReference; lastKnownFileType = sourcecode.swift; path = IndeterminiteProgressView.swift; sourceTree = "<group>"; };
		349D04792A84EB3A008AFD0A /* SettingsFeature.swift */ = {isa = PBXFileReference; lastKnownFileType = sourcecode.swift; path = SettingsFeature.swift; sourceTree = "<group>"; };
		349D047C2A88E569008AFD0A /* Topic.swift */ = {isa = PBXFileReference; lastKnownFileType = sourcecode.swift; path = Topic.swift; sourceTree = "<group>"; };
		349D047F2A88F23F008AFD0A /* TopicSettings.swift */ = {isa = PBXFileReference; lastKnownFileType = sourcecode.swift; path = TopicSettings.swift; sourceTree = "<group>"; };
/* End PBXFileReference section */

/* Begin PBXFrameworksBuildPhase section */
		340A51C62A78EC78007DCA0C /* Frameworks */ = {
			isa = PBXFrameworksBuildPhase;
			buildActionMask = 2147483647;
			files = (
				34A9749A2A7AB0E600E6F672 /* ComposableArchitecture in Frameworks */,
				340E705B2A83D396004B124B /* DependenciesAdditions in Frameworks */,
			);
			runOnlyForDeploymentPostprocessing = 0;
		};
		340A51D72A78EC79007DCA0C /* Frameworks */ = {
			isa = PBXFrameworksBuildPhase;
			buildActionMask = 2147483647;
			files = (
			);
			runOnlyForDeploymentPostprocessing = 0;
		};
/* End PBXFrameworksBuildPhase section */

/* Begin PBXGroup section */
		340A51C02A78EC78007DCA0C = {
			isa = PBXGroup;
			children = (
				340E70512A820E32004B124B /* Dependencies */,
				340A51CB2A78EC78007DCA0C /* count */,
				340A51DD2A78EC79007DCA0C /* countTests */,
				340A51CA2A78EC78007DCA0C /* Products */,
			);
			sourceTree = "<group>";
		};
		340A51CA2A78EC78007DCA0C /* Products */ = {
			isa = PBXGroup;
			children = (
				340A51C92A78EC78007DCA0C /* count.app */,
				340A51DA2A78EC79007DCA0C /* countTests.xctest */,
			);
			name = Products;
			sourceTree = "<group>";
		};
		340A51CB2A78EC78007DCA0C /* count */ = {
			isa = PBXGroup;
			children = (
				340A51F72A790356007DCA0C /* count.playground */,
				340A51CC2A78EC78007DCA0C /* App.swift */,
				340A51CE2A78EC78007DCA0C /* ListeningQuizView.swift */,
				348000E42A9CCD4700E7CCEE /* CountBikiView.swift */,
				349D04792A84EB3A008AFD0A /* SettingsFeature.swift */,
				349802212A7BDDF200E352F5 /* IndeterminiteProgressView.swift */,
				348000E22A9CC0A800E7CCEE /* CountBiki.scnassets */,
				340A51D02A78EC79007DCA0C /* Assets.xcassets */,
				340A51D22A78EC79007DCA0C /* count.entitlements */,
				340A51D32A78EC79007DCA0C /* Preview Content */,
			);
			path = count;
			sourceTree = "<group>";
		};
		340A51D32A78EC79007DCA0C /* Preview Content */ = {
			isa = PBXGroup;
			children = (
				340A51D42A78EC79007DCA0C /* Preview Assets.xcassets */,
			);
			path = "Preview Content";
			sourceTree = "<group>";
		};
		340A51DD2A78EC79007DCA0C /* countTests */ = {
			isa = PBXGroup;
			children = (
				340A51DE2A78EC79007DCA0C /* ListeningQuizFeatureTests.swift */,
			);
			path = countTests;
			sourceTree = "<group>";
		};
		340E70512A820E32004B124B /* Dependencies */ = {
			isa = PBXGroup;
			children = (
				340E70522A820E73004B124B /* SpeechSynthesis.swift */,
				340E70572A83738F004B124B /* SpeechSynthesisSettings.swift */,
				349D047F2A88F23F008AFD0A /* TopicSettings.swift */,
				349D047C2A88E569008AFD0A /* Topic.swift */,
			);
			path = Dependencies;
			sourceTree = "<group>";
		};
/* End PBXGroup section */

/* Begin PBXNativeTarget section */
		340A51C82A78EC78007DCA0C /* count */ = {
			isa = PBXNativeTarget;
			buildConfigurationList = 340A51EE2A78EC79007DCA0C /* Build configuration list for PBXNativeTarget "count" */;
			buildPhases = (
				340A51C52A78EC78007DCA0C /* Sources */,
				340A51C62A78EC78007DCA0C /* Frameworks */,
				340A51C72A78EC78007DCA0C /* Resources */,
			);
			buildRules = (
			);
			dependencies = (
			);
			name = count;
			packageProductDependencies = (
				34A974992A7AB0E600E6F672 /* ComposableArchitecture */,
				340E705A2A83D396004B124B /* DependenciesAdditions */,
			);
			productName = count;
			productReference = 340A51C92A78EC78007DCA0C /* count.app */;
			productType = "com.apple.product-type.application";
		};
		340A51D92A78EC79007DCA0C /* countTests */ = {
			isa = PBXNativeTarget;
			buildConfigurationList = 340A51F12A78EC79007DCA0C /* Build configuration list for PBXNativeTarget "countTests" */;
			buildPhases = (
				340A51D62A78EC79007DCA0C /* Sources */,
				340A51D72A78EC79007DCA0C /* Frameworks */,
				340A51D82A78EC79007DCA0C /* Resources */,
			);
			buildRules = (
			);
			dependencies = (
				340A51DC2A78EC79007DCA0C /* PBXTargetDependency */,
			);
			name = countTests;
			productName = countTests;
			productReference = 340A51DA2A78EC79007DCA0C /* countTests.xctest */;
			productType = "com.apple.product-type.bundle.unit-test";
		};
/* End PBXNativeTarget section */

/* Begin PBXProject section */
		340A51C12A78EC78007DCA0C /* Project object */ = {
			isa = PBXProject;
			attributes = {
				BuildIndependentTargetsInParallel = 1;
				LastSwiftUpdateCheck = 1430;
				LastUpgradeCheck = 1430;
				TargetAttributes = {
					340A51C82A78EC78007DCA0C = {
						CreatedOnToolsVersion = 14.3.1;
					};
					340A51D92A78EC79007DCA0C = {
						CreatedOnToolsVersion = 14.3.1;
						TestTargetID = 340A51C82A78EC78007DCA0C;
					};
				};
			};
			buildConfigurationList = 340A51C42A78EC78007DCA0C /* Build configuration list for PBXProject "count" */;
			compatibilityVersion = "Xcode 14.0";
			developmentRegion = en;
			hasScannedForEncodings = 0;
			knownRegions = (
				en,
				Base,
			);
			mainGroup = 340A51C02A78EC78007DCA0C;
			packageReferences = (
				34A974982A7AB0E600E6F672 /* XCRemoteSwiftPackageReference "swift-composable-architecture" */,
				340E70592A83D396004B124B /* XCRemoteSwiftPackageReference "swift-dependencies-additions" */,
			);
			productRefGroup = 340A51CA2A78EC78007DCA0C /* Products */;
			projectDirPath = "";
			projectRoot = "";
			targets = (
				340A51C82A78EC78007DCA0C /* count */,
				340A51D92A78EC79007DCA0C /* countTests */,
			);
		};
/* End PBXProject section */

/* Begin PBXResourcesBuildPhase section */
		340A51C72A78EC78007DCA0C /* Resources */ = {
			isa = PBXResourcesBuildPhase;
			buildActionMask = 2147483647;
			files = (
				348000E32A9CC0A800E7CCEE /* CountBiki.scnassets in Resources */,
				340A51D52A78EC79007DCA0C /* Preview Assets.xcassets in Resources */,
				340A51D12A78EC79007DCA0C /* Assets.xcassets in Resources */,
			);
			runOnlyForDeploymentPostprocessing = 0;
		};
		340A51D82A78EC79007DCA0C /* Resources */ = {
			isa = PBXResourcesBuildPhase;
			buildActionMask = 2147483647;
			files = (
			);
			runOnlyForDeploymentPostprocessing = 0;
		};
/* End PBXResourcesBuildPhase section */

/* Begin PBXSourcesBuildPhase section */
		340A51C52A78EC78007DCA0C /* Sources */ = {
			isa = PBXSourcesBuildPhase;
			buildActionMask = 2147483647;
			files = (
				340A51CF2A78EC78007DCA0C /* ListeningQuizView.swift in Sources */,
				340E70582A83738F004B124B /* SpeechSynthesisSettings.swift in Sources */,
				349D04802A88F23F008AFD0A /* TopicSettings.swift in Sources */,
				349802222A7BDDF200E352F5 /* IndeterminiteProgressView.swift in Sources */,
				348000E52A9CCD4700E7CCEE /* CountBikiView.swift in Sources */,
				349D047A2A84EB3A008AFD0A /* SettingsFeature.swift in Sources */,
				340E70532A820E73004B124B /* SpeechSynthesis.swift in Sources */,
				340A51CD2A78EC78007DCA0C /* App.swift in Sources */,
				349D047D2A88E569008AFD0A /* Topic.swift in Sources */,
			);
			runOnlyForDeploymentPostprocessing = 0;
		};
		340A51D62A78EC79007DCA0C /* Sources */ = {
			isa = PBXSourcesBuildPhase;
			buildActionMask = 2147483647;
			files = (
				340A51DF2A78EC79007DCA0C /* ListeningQuizFeatureTests.swift in Sources */,
				349D04812A88F23F008AFD0A /* TopicSettings.swift in Sources */,
				349D047E2A88E569008AFD0A /* Topic.swift in Sources */,
			);
			runOnlyForDeploymentPostprocessing = 0;
		};
/* End PBXSourcesBuildPhase section */

/* Begin PBXTargetDependency section */
		340A51DC2A78EC79007DCA0C /* PBXTargetDependency */ = {
			isa = PBXTargetDependency;
			target = 340A51C82A78EC78007DCA0C /* count */;
			targetProxy = 340A51DB2A78EC79007DCA0C /* PBXContainerItemProxy */;
		};
/* End PBXTargetDependency section */

/* Begin XCBuildConfiguration section */
		340A51EC2A78EC79007DCA0C /* Debug */ = {
			isa = XCBuildConfiguration;
			buildSettings = {
				ALWAYS_SEARCH_USER_PATHS = NO;
				CLANG_ANALYZER_NONNULL = YES;
				CLANG_ANALYZER_NUMBER_OBJECT_CONVERSION = YES_AGGRESSIVE;
				CLANG_CXX_LANGUAGE_STANDARD = "gnu++20";
				CLANG_ENABLE_MODULES = YES;
				CLANG_ENABLE_OBJC_ARC = YES;
				CLANG_ENABLE_OBJC_WEAK = YES;
				CLANG_WARN_BLOCK_CAPTURE_AUTORELEASING = YES;
				CLANG_WARN_BOOL_CONVERSION = YES;
				CLANG_WARN_COMMA = YES;
				CLANG_WARN_CONSTANT_CONVERSION = YES;
				CLANG_WARN_DEPRECATED_OBJC_IMPLEMENTATIONS = YES;
				CLANG_WARN_DIRECT_OBJC_ISA_USAGE = YES_ERROR;
				CLANG_WARN_DOCUMENTATION_COMMENTS = YES;
				CLANG_WARN_EMPTY_BODY = YES;
				CLANG_WARN_ENUM_CONVERSION = YES;
				CLANG_WARN_INFINITE_RECURSION = YES;
				CLANG_WARN_INT_CONVERSION = YES;
				CLANG_WARN_NON_LITERAL_NULL_CONVERSION = YES;
				CLANG_WARN_OBJC_IMPLICIT_RETAIN_SELF = YES;
				CLANG_WARN_OBJC_LITERAL_CONVERSION = YES;
				CLANG_WARN_OBJC_ROOT_CLASS = YES_ERROR;
				CLANG_WARN_QUOTED_INCLUDE_IN_FRAMEWORK_HEADER = YES;
				CLANG_WARN_RANGE_LOOP_ANALYSIS = YES;
				CLANG_WARN_STRICT_PROTOTYPES = YES;
				CLANG_WARN_SUSPICIOUS_MOVE = YES;
				CLANG_WARN_UNGUARDED_AVAILABILITY = YES_AGGRESSIVE;
				CLANG_WARN_UNREACHABLE_CODE = YES;
				CLANG_WARN__DUPLICATE_METHOD_MATCH = YES;
				COPY_PHASE_STRIP = NO;
				DEBUG_INFORMATION_FORMAT = dwarf;
				ENABLE_STRICT_OBJC_MSGSEND = YES;
				ENABLE_TESTABILITY = YES;
				GCC_C_LANGUAGE_STANDARD = gnu11;
				GCC_DYNAMIC_NO_PIC = NO;
				GCC_NO_COMMON_BLOCKS = YES;
				GCC_OPTIMIZATION_LEVEL = 0;
				GCC_PREPROCESSOR_DEFINITIONS = (
					"DEBUG=1",
					"$(inherited)",
				);
				GCC_WARN_64_TO_32_BIT_CONVERSION = YES;
				GCC_WARN_ABOUT_RETURN_TYPE = YES_ERROR;
				GCC_WARN_UNDECLARED_SELECTOR = YES;
				GCC_WARN_UNINITIALIZED_AUTOS = YES_AGGRESSIVE;
				GCC_WARN_UNUSED_FUNCTION = YES;
				GCC_WARN_UNUSED_VARIABLE = YES;
				MTL_ENABLE_DEBUG_INFO = INCLUDE_SOURCE;
				MTL_FAST_MATH = YES;
				ONLY_ACTIVE_ARCH = YES;
				SWIFT_ACTIVE_COMPILATION_CONDITIONS = DEBUG;
				SWIFT_OPTIMIZATION_LEVEL = "-Onone";
			};
			name = Debug;
		};
		340A51ED2A78EC79007DCA0C /* Release */ = {
			isa = XCBuildConfiguration;
			buildSettings = {
				ALWAYS_SEARCH_USER_PATHS = NO;
				CLANG_ANALYZER_NONNULL = YES;
				CLANG_ANALYZER_NUMBER_OBJECT_CONVERSION = YES_AGGRESSIVE;
				CLANG_CXX_LANGUAGE_STANDARD = "gnu++20";
				CLANG_ENABLE_MODULES = YES;
				CLANG_ENABLE_OBJC_ARC = YES;
				CLANG_ENABLE_OBJC_WEAK = YES;
				CLANG_WARN_BLOCK_CAPTURE_AUTORELEASING = YES;
				CLANG_WARN_BOOL_CONVERSION = YES;
				CLANG_WARN_COMMA = YES;
				CLANG_WARN_CONSTANT_CONVERSION = YES;
				CLANG_WARN_DEPRECATED_OBJC_IMPLEMENTATIONS = YES;
				CLANG_WARN_DIRECT_OBJC_ISA_USAGE = YES_ERROR;
				CLANG_WARN_DOCUMENTATION_COMMENTS = YES;
				CLANG_WARN_EMPTY_BODY = YES;
				CLANG_WARN_ENUM_CONVERSION = YES;
				CLANG_WARN_INFINITE_RECURSION = YES;
				CLANG_WARN_INT_CONVERSION = YES;
				CLANG_WARN_NON_LITERAL_NULL_CONVERSION = YES;
				CLANG_WARN_OBJC_IMPLICIT_RETAIN_SELF = YES;
				CLANG_WARN_OBJC_LITERAL_CONVERSION = YES;
				CLANG_WARN_OBJC_ROOT_CLASS = YES_ERROR;
				CLANG_WARN_QUOTED_INCLUDE_IN_FRAMEWORK_HEADER = YES;
				CLANG_WARN_RANGE_LOOP_ANALYSIS = YES;
				CLANG_WARN_STRICT_PROTOTYPES = YES;
				CLANG_WARN_SUSPICIOUS_MOVE = YES;
				CLANG_WARN_UNGUARDED_AVAILABILITY = YES_AGGRESSIVE;
				CLANG_WARN_UNREACHABLE_CODE = YES;
				CLANG_WARN__DUPLICATE_METHOD_MATCH = YES;
				COPY_PHASE_STRIP = NO;
				DEBUG_INFORMATION_FORMAT = "dwarf-with-dsym";
				ENABLE_NS_ASSERTIONS = NO;
				ENABLE_STRICT_OBJC_MSGSEND = YES;
				GCC_C_LANGUAGE_STANDARD = gnu11;
				GCC_NO_COMMON_BLOCKS = YES;
				GCC_WARN_64_TO_32_BIT_CONVERSION = YES;
				GCC_WARN_ABOUT_RETURN_TYPE = YES_ERROR;
				GCC_WARN_UNDECLARED_SELECTOR = YES;
				GCC_WARN_UNINITIALIZED_AUTOS = YES_AGGRESSIVE;
				GCC_WARN_UNUSED_FUNCTION = YES;
				GCC_WARN_UNUSED_VARIABLE = YES;
				MTL_ENABLE_DEBUG_INFO = NO;
				MTL_FAST_MATH = YES;
				SWIFT_COMPILATION_MODE = wholemodule;
				SWIFT_OPTIMIZATION_LEVEL = "-O";
			};
			name = Release;
		};
		340A51EF2A78EC79007DCA0C /* Debug */ = {
			isa = XCBuildConfiguration;
			buildSettings = {
				ASSETCATALOG_COMPILER_APPICON_NAME = AppIcon;
				ASSETCATALOG_COMPILER_GLOBAL_ACCENT_COLOR_NAME = AccentColor;
				CODE_SIGN_ENTITLEMENTS = count/count.entitlements;
				CODE_SIGN_STYLE = Automatic;
				CURRENT_PROJECT_VERSION = 1;
				DEVELOPMENT_ASSET_PATHS = "\"count/Preview Content\"";
				DEVELOPMENT_TEAM = YK25EF78NT;
				ENABLE_HARDENED_RUNTIME = YES;
				ENABLE_PREVIEWS = YES;
				GENERATE_INFOPLIST_FILE = YES;
				INFOPLIST_KEY_CFBundleDisplayName = "Count Biki";
				"INFOPLIST_KEY_UIApplicationSceneManifest_Generation[sdk=iphoneos*]" = YES;
				"INFOPLIST_KEY_UIApplicationSceneManifest_Generation[sdk=iphonesimulator*]" = YES;
				"INFOPLIST_KEY_UIApplicationSupportsIndirectInputEvents[sdk=iphoneos*]" = YES;
				"INFOPLIST_KEY_UIApplicationSupportsIndirectInputEvents[sdk=iphonesimulator*]" = YES;
				"INFOPLIST_KEY_UILaunchScreen_Generation[sdk=iphoneos*]" = YES;
				"INFOPLIST_KEY_UILaunchScreen_Generation[sdk=iphonesimulator*]" = YES;
				"INFOPLIST_KEY_UIStatusBarStyle[sdk=iphoneos*]" = UIStatusBarStyleDefault;
				"INFOPLIST_KEY_UIStatusBarStyle[sdk=iphonesimulator*]" = UIStatusBarStyleDefault;
				INFOPLIST_KEY_UISupportedInterfaceOrientations_iPad = "UIInterfaceOrientationPortrait UIInterfaceOrientationPortraitUpsideDown UIInterfaceOrientationLandscapeLeft UIInterfaceOrientationLandscapeRight";
				INFOPLIST_KEY_UISupportedInterfaceOrientations_iPhone = "UIInterfaceOrientationPortrait UIInterfaceOrientationLandscapeLeft UIInterfaceOrientationLandscapeRight";
				IPHONEOS_DEPLOYMENT_TARGET = 16.4;
				LD_RUNPATH_SEARCH_PATHS = "@executable_path/Frameworks";
				"LD_RUNPATH_SEARCH_PATHS[sdk=macosx*]" = "@executable_path/../Frameworks";
				MACOSX_DEPLOYMENT_TARGET = 13.3;
				MARKETING_VERSION = 1.0;
				PRODUCT_BUNDLE_IDENTIFIER = com.twocentstudios.count;
				PRODUCT_NAME = "$(TARGET_NAME)";
				SDKROOT = auto;
				SUPPORTED_PLATFORMS = "iphoneos iphonesimulator";
				SUPPORTS_MACCATALYST = NO;
				SWIFT_EMIT_LOC_STRINGS = YES;
				SWIFT_STRICT_CONCURRENCY = complete;
				SWIFT_VERSION = 5.0;
				TARGETED_DEVICE_FAMILY = "1,2";
			};
			name = Debug;
		};
		340A51F02A78EC79007DCA0C /* Release */ = {
			isa = XCBuildConfiguration;
			buildSettings = {
				ASSETCATALOG_COMPILER_APPICON_NAME = AppIcon;
				ASSETCATALOG_COMPILER_GLOBAL_ACCENT_COLOR_NAME = AccentColor;
				CODE_SIGN_ENTITLEMENTS = count/count.entitlements;
				CODE_SIGN_STYLE = Automatic;
				CURRENT_PROJECT_VERSION = 1;
				DEVELOPMENT_ASSET_PATHS = "\"count/Preview Content\"";
				DEVELOPMENT_TEAM = YK25EF78NT;
				ENABLE_HARDENED_RUNTIME = YES;
				ENABLE_PREVIEWS = YES;
				GENERATE_INFOPLIST_FILE = YES;
				INFOPLIST_KEY_CFBundleDisplayName = "Count Biki";
				"INFOPLIST_KEY_UIApplicationSceneManifest_Generation[sdk=iphoneos*]" = YES;
				"INFOPLIST_KEY_UIApplicationSceneManifest_Generation[sdk=iphonesimulator*]" = YES;
				"INFOPLIST_KEY_UIApplicationSupportsIndirectInputEvents[sdk=iphoneos*]" = YES;
				"INFOPLIST_KEY_UIApplicationSupportsIndirectInputEvents[sdk=iphonesimulator*]" = YES;
				"INFOPLIST_KEY_UILaunchScreen_Generation[sdk=iphoneos*]" = YES;
				"INFOPLIST_KEY_UILaunchScreen_Generation[sdk=iphonesimulator*]" = YES;
				"INFOPLIST_KEY_UIStatusBarStyle[sdk=iphoneos*]" = UIStatusBarStyleDefault;
				"INFOPLIST_KEY_UIStatusBarStyle[sdk=iphonesimulator*]" = UIStatusBarStyleDefault;
				INFOPLIST_KEY_UISupportedInterfaceOrientations_iPad = "UIInterfaceOrientationPortrait UIInterfaceOrientationPortraitUpsideDown UIInterfaceOrientationLandscapeLeft UIInterfaceOrientationLandscapeRight";
				INFOPLIST_KEY_UISupportedInterfaceOrientations_iPhone = "UIInterfaceOrientationPortrait UIInterfaceOrientationLandscapeLeft UIInterfaceOrientationLandscapeRight";
				IPHONEOS_DEPLOYMENT_TARGET = 16.4;
				LD_RUNPATH_SEARCH_PATHS = "@executable_path/Frameworks";
				"LD_RUNPATH_SEARCH_PATHS[sdk=macosx*]" = "@executable_path/../Frameworks";
				MACOSX_DEPLOYMENT_TARGET = 13.3;
				MARKETING_VERSION = 1.0;
				PRODUCT_BUNDLE_IDENTIFIER = com.twocentstudios.count;
				PRODUCT_NAME = "$(TARGET_NAME)";
				SDKROOT = auto;
				SUPPORTED_PLATFORMS = "iphoneos iphonesimulator";
				SUPPORTS_MACCATALYST = NO;
				SWIFT_EMIT_LOC_STRINGS = YES;
				SWIFT_STRICT_CONCURRENCY = complete;
				SWIFT_VERSION = 5.0;
				TARGETED_DEVICE_FAMILY = "1,2";
			};
			name = Release;
		};
		340A51F22A78EC79007DCA0C /* Debug */ = {
			isa = XCBuildConfiguration;
			buildSettings = {
				ALWAYS_EMBED_SWIFT_STANDARD_LIBRARIES = YES;
				BUNDLE_LOADER = "$(TEST_HOST)";
				CODE_SIGN_STYLE = Automatic;
				CURRENT_PROJECT_VERSION = 1;
				DEVELOPMENT_TEAM = YK25EF78NT;
				GENERATE_INFOPLIST_FILE = YES;
				IPHONEOS_DEPLOYMENT_TARGET = 16.4;
				MACOSX_DEPLOYMENT_TARGET = 13.3;
				MARKETING_VERSION = 1.0;
				PRODUCT_BUNDLE_IDENTIFIER = com.twocentstudios.countTests;
				PRODUCT_NAME = "$(TARGET_NAME)";
				SDKROOT = auto;
				SUPPORTED_PLATFORMS = "iphoneos iphonesimulator macosx";
				SWIFT_EMIT_LOC_STRINGS = NO;
				SWIFT_VERSION = 5.0;
				TARGETED_DEVICE_FAMILY = "1,2";
				TEST_HOST = "$(BUILT_PRODUCTS_DIR)/count.app/$(BUNDLE_EXECUTABLE_FOLDER_PATH)/count";
			};
			name = Debug;
		};
		340A51F32A78EC79007DCA0C /* Release */ = {
			isa = XCBuildConfiguration;
			buildSettings = {
				ALWAYS_EMBED_SWIFT_STANDARD_LIBRARIES = YES;
				BUNDLE_LOADER = "$(TEST_HOST)";
				CODE_SIGN_STYLE = Automatic;
				CURRENT_PROJECT_VERSION = 1;
				DEVELOPMENT_TEAM = YK25EF78NT;
				GENERATE_INFOPLIST_FILE = YES;
				IPHONEOS_DEPLOYMENT_TARGET = 16.4;
				MACOSX_DEPLOYMENT_TARGET = 13.3;
				MARKETING_VERSION = 1.0;
				PRODUCT_BUNDLE_IDENTIFIER = com.twocentstudios.countTests;
				PRODUCT_NAME = "$(TARGET_NAME)";
				SDKROOT = auto;
				SUPPORTED_PLATFORMS = "iphoneos iphonesimulator macosx";
				SWIFT_EMIT_LOC_STRINGS = NO;
				SWIFT_VERSION = 5.0;
				TARGETED_DEVICE_FAMILY = "1,2";
				TEST_HOST = "$(BUILT_PRODUCTS_DIR)/count.app/$(BUNDLE_EXECUTABLE_FOLDER_PATH)/count";
			};
			name = Release;
		};
/* End XCBuildConfiguration section */

/* Begin XCConfigurationList section */
		340A51C42A78EC78007DCA0C /* Build configuration list for PBXProject "count" */ = {
			isa = XCConfigurationList;
			buildConfigurations = (
				340A51EC2A78EC79007DCA0C /* Debug */,
				340A51ED2A78EC79007DCA0C /* Release */,
			);
			defaultConfigurationIsVisible = 0;
			defaultConfigurationName = Release;
		};
		340A51EE2A78EC79007DCA0C /* Build configuration list for PBXNativeTarget "count" */ = {
			isa = XCConfigurationList;
			buildConfigurations = (
				340A51EF2A78EC79007DCA0C /* Debug */,
				340A51F02A78EC79007DCA0C /* Release */,
			);
			defaultConfigurationIsVisible = 0;
			defaultConfigurationName = Release;
		};
		340A51F12A78EC79007DCA0C /* Build configuration list for PBXNativeTarget "countTests" */ = {
			isa = XCConfigurationList;
			buildConfigurations = (
				340A51F22A78EC79007DCA0C /* Debug */,
				340A51F32A78EC79007DCA0C /* Release */,
			);
			defaultConfigurationIsVisible = 0;
			defaultConfigurationName = Release;
		};
/* End XCConfigurationList section */

/* Begin XCRemoteSwiftPackageReference section */
		340E70592A83D396004B124B /* XCRemoteSwiftPackageReference "swift-dependencies-additions" */ = {
			isa = XCRemoteSwiftPackageReference;
			repositoryURL = "https://github.com/tgrapperon/swift-dependencies-additions";
			requirement = {
				kind = upToNextMajorVersion;
				minimumVersion = 1.0.0;
			};
		};
		34A974982A7AB0E600E6F672 /* XCRemoteSwiftPackageReference "swift-composable-architecture" */ = {
			isa = XCRemoteSwiftPackageReference;
			repositoryURL = "https://github.com/pointfreeco/swift-composable-architecture.git";
			requirement = {
				kind = upToNextMajorVersion;
				minimumVersion = 1.0.0;
			};
		};
/* End XCRemoteSwiftPackageReference section */

/* Begin XCSwiftPackageProductDependency section */
		340E705A2A83D396004B124B /* DependenciesAdditions */ = {
			isa = XCSwiftPackageProductDependency;
			package = 340E70592A83D396004B124B /* XCRemoteSwiftPackageReference "swift-dependencies-additions" */;
			productName = DependenciesAdditions;
		};
		34A974992A7AB0E600E6F672 /* ComposableArchitecture */ = {
			isa = XCSwiftPackageProductDependency;
			package = 34A974982A7AB0E600E6F672 /* XCRemoteSwiftPackageReference "swift-composable-architecture" */;
			productName = ComposableArchitecture;
		};
/* End XCSwiftPackageProductDependency section */
	};
	rootObject = 340A51C12A78EC78007DCA0C /* Project object */;
}
